
Microsoft Visual Studio Solution File, Format Version 12.00
# Visual Studio Version 16
VisualStudioVersion = 16.0.30717.126
MinimumVisualStudioVersion = 10.0.40219.1
Project("{FAE04EC0-301F-11D3-BF4B-00C04F79EFBC}") = "Fevereiro_calculadora", "Fevereiro_calculadora\Fevereiro_calculadora.csproj", "{ABEEB47C-68E8-441C-A1AD-08608D598DB2}"
EndProject
Global
	GlobalSection(SolutionConfigurationPlatforms) = preSolution
		Debug|Any CPU = Debug|Any CPU
		Release|Any CPU = Release|Any CPU
	EndGlobalSection
	GlobalSection(ProjectConfigurationPlatforms) = postSolution
		{ABEEB47C-68E8-441C-A1AD-08608D598DB2}.Debug|Any CPU.ActiveCfg = Debug|Any CPU
		{ABEEB47C-68E8-441C-A1AD-08608D598DB2}.Debug|Any CPU.Build.0 = Debug|Any CPU
		{ABEEB47C-68E8-441C-A1AD-08608D598DB2}.Release|Any CPU.ActiveCfg = Release|Any CPU
		{ABEEB47C-68E8-441C-A1AD-08608D598DB2}.Release|Any CPU.Build.0 = Release|Any CPU
	EndGlobalSection
	GlobalSection(SolutionProperties) = preSolution
		HideSolutionNode = FALSE
	EndGlobalSection
	GlobalSection(ExtensibilityGlobals) = postSolution
		SolutionGuid = {92DE723E-35EB-4668-BAF5-BC0FDE4A9CF1}
	EndGlobalSection
EndGlobal
